<?xml version="1.0" encoding="utf-8"?>
<Project ToolsVersion="4.0" xmlns="http://schemas.microsoft.com/developer/msbuild/2003">
  <ItemGroup>
    <Filter Include="소스 파일">
      <UniqueIdentifier>{4FC737F1-C7A5-4376-A066-2A32D752A2FF}</UniqueIdentifier>
      <Extensions>cpp;c;cc;cxx;def;odl;idl;hpj;bat;asm;asmx</Extensions>
    </Filter>
    <Filter Include="헤더 파일">
      <UniqueIdentifier>{93995380-89BD-4b04-88EB-625FBE52EBFB}</UniqueIdentifier>
      <Extensions>h;hh;hpp;hxx;hm;inl;inc;xsd</Extensions>
    </Filter>
    <Filter Include="리소스 파일">
      <UniqueIdentifier>{67DA6AB6-F800-4c08-8B7A-83BB121AAD01}</UniqueIdentifier>
      <Extensions>rc;ico;cur;bmp;dlg;rc2;rct;bin;rgs;gif;jpg;jpeg;jpe;resx;tiff;tif;png;wav;mfcribbon-ms</Extensions>
    </Filter>
    <Filter Include="00. MainGame">
      <UniqueIdentifier>{b5fae22a-2996-4b63-8c45-2b9ef3e41e8b}</UniqueIdentifier>
    </Filter>
    <Filter Include="01. Obj">
      <UniqueIdentifier>{d41bcb03-2646-410d-8942-60a31207f2cb}</UniqueIdentifier>
    </Filter>
    <Filter Include="01. Obj\00. Player">
      <UniqueIdentifier>{40d67726-adc5-4f65-bf98-244dcf0e824e}</UniqueIdentifier>
    </Filter>
    <Filter Include="02. Design">
      <UniqueIdentifier>{0613dfa4-4240-4466-8093-afdbfd6102dd}</UniqueIdentifier>
    </Filter>
    <Filter Include="02. Design\00. AbstractFactory">
      <UniqueIdentifier>{186b244a-3e00-46cf-9982-9b0ff93ec395}</UniqueIdentifier>
    </Filter>
    <Filter Include="02. Design\01. CollisionMgr">
      <UniqueIdentifier>{1531ae34-fd80-4a56-92ac-0969c10491ca}</UniqueIdentifier>
    </Filter>
    <Filter Include="01. Obj\03. Mouse">
      <UniqueIdentifier>{1f6c3e8e-8166-410e-ba20-3b5e711c8ad8}</UniqueIdentifier>
    </Filter>
    <Filter Include="02. Design\02. ObjMgr">
      <UniqueIdentifier>{7c063e9c-f181-4248-8454-97d297441442}</UniqueIdentifier>
    </Filter>
    <Filter Include="02. Design\03. LineMgr">
      <UniqueIdentifier>{8ed2e8b6-81a4-4b43-9739-a10b3d20afe8}</UniqueIdentifier>
    </Filter>
    <Filter Include="02. Design\03. LineMgr\Line">
      <UniqueIdentifier>{82939ea0-49ee-496f-a7a9-b2f47545d8a5}</UniqueIdentifier>
    </Filter>
    <Filter Include="02. Design\04. KeyMgr">
      <UniqueIdentifier>{8c6eee5c-b140-4391-a4ab-e611f279d61e}</UniqueIdentifier>
    </Filter>
    <Filter Include="02. Design\05. ScrollMgr">
      <UniqueIdentifier>{fd9c6444-60fb-4624-9f32-9f2741b4c9f3}</UniqueIdentifier>
    </Filter>
    <Filter Include="02. Design\06. BmpMgr">
      <UniqueIdentifier>{f6df9cc1-b6c6-4426-ade6-fe1e95bb7142}</UniqueIdentifier>
    </Filter>
    <Filter Include="02. Design\06. BmpMgr\MyBmp">
      <UniqueIdentifier>{628d17a1-a79a-47a2-a929-68c8caad539c}</UniqueIdentifier>
    </Filter>
    <Filter Include="03. Scene">
      <UniqueIdentifier>{b9bab145-4ea0-40fa-98ed-2c83cb073809}</UniqueIdentifier>
    </Filter>
    <Filter Include="03. Scene\00. Logo">
      <UniqueIdentifier>{91237d45-3fd0-4add-b5a2-3246eca1c4e6}</UniqueIdentifier>
    </Filter>
    <Filter Include="02. Design\07. SceneMgr">
      <UniqueIdentifier>{37f4e319-d942-4453-9d0c-357553082b62}</UniqueIdentifier>
    </Filter>
    <Filter Include="01. Obj\05. Button">
      <UniqueIdentifier>{5d0f919d-164b-4591-b050-b6f962d3dc84}</UniqueIdentifier>
    </Filter>
    <Filter Include="01. Obj\06. Tile">
      <UniqueIdentifier>{992f5970-f0a0-4f56-9a89-230db0b3582b}</UniqueIdentifier>
    </Filter>
    <Filter Include="02. Design\08. TileMgr">
      <UniqueIdentifier>{ab5ce015-efc9-4c93-bf72-08006ea1768b}</UniqueIdentifier>
    </Filter>
    <Filter Include="UI">
      <UniqueIdentifier>{f904f762-7e22-48c3-aa28-a2a3a47b752c}</UniqueIdentifier>
    </Filter>
    <Filter Include="Skill">
      <UniqueIdentifier>{b5d15fdc-bec2-48eb-8da0-2755e8495745}</UniqueIdentifier>
    </Filter>
    <Filter Include="Sound">
      <UniqueIdentifier>{2cdf8a86-595a-4cfb-a530-04aeecee9de5}</UniqueIdentifier>
    </Filter>
  </ItemGroup>
  <ItemGroup>
    <Text Include="ReadMe.txt" />
  </ItemGroup>
  <ItemGroup>
    <ClInclude Include="stdafx.h">
      <Filter>헤더 파일</Filter>
    </ClInclude>
    <ClInclude Include="targetver.h">
      <Filter>헤더 파일</Filter>
    </ClInclude>
    <ClInclude Include="Resource.h">
      <Filter>헤더 파일</Filter>
    </ClInclude>
    <ClInclude Include="DefaultWindow.h">
      <Filter>헤더 파일</Filter>
    </ClInclude>
    <ClInclude Include="MainGame.h">
      <Filter>00. MainGame</Filter>
    </ClInclude>
    <ClInclude Include="Obj.h">
      <Filter>01. Obj</Filter>
    </ClInclude>
    <ClInclude Include="Define.h">
      <Filter>헤더 파일</Filter>
    </ClInclude>
    <ClInclude Include="Player.h">
      <Filter>01. Obj\00. Player</Filter>
    </ClInclude>
    <ClInclude Include="AbstractFactory.h">
      <Filter>02. Design\00. AbstractFactory</Filter>
    </ClInclude>
    <ClInclude Include="CollisionMgr.h">
      <Filter>02. Design\01. CollisionMgr</Filter>
    </ClInclude>
    <ClInclude Include="Mouse.h">
      <Filter>01. Obj\03. Mouse</Filter>
    </ClInclude>
    <ClInclude Include="ObjMgr.h">
      <Filter>02. Design\02. ObjMgr</Filter>
    </ClInclude>
    <ClInclude Include="Line.h">
      <Filter>02. Design\03. LineMgr\Line</Filter>
    </ClInclude>
    <ClInclude Include="LineMgr.h">
      <Filter>02. Design\03. LineMgr</Filter>
    </ClInclude>
    <ClInclude Include="KeyMgr.h">
      <Filter>02. Design\04. KeyMgr</Filter>
    </ClInclude>
    <ClInclude Include="ScrollMgr.h">
      <Filter>02. Design\05. ScrollMgr</Filter>
    </ClInclude>
    <ClInclude Include="MyBmp.h">
      <Filter>02. Design\06. BmpMgr\MyBmp</Filter>
    </ClInclude>
    <ClInclude Include="BmpMgr.h">
      <Filter>02. Design\06. BmpMgr</Filter>
    </ClInclude>
    <ClInclude Include="Scene.h">
      <Filter>03. Scene</Filter>
    </ClInclude>
    <ClInclude Include="Logo.h">
      <Filter>03. Scene\00. Logo</Filter>
    </ClInclude>
    <ClInclude Include="SceneMgr.h">
      <Filter>02. Design\07. SceneMgr</Filter>
    </ClInclude>
    <ClInclude Include="Tile.h">
      <Filter>01. Obj\06. Tile</Filter>
    </ClInclude>
    <ClInclude Include="TileMgr.h">
      <Filter>02. Design\08. TileMgr</Filter>
    </ClInclude>
    <ClInclude Include="UIMgr.h">
      <Filter>02. Design</Filter>
    </ClInclude>
    <ClInclude Include="Town.h">
      <Filter>03. Scene</Filter>
    </ClInclude>
    <ClInclude Include="UI.h">
      <Filter>UI</Filter>
    </ClInclude>
    <ClInclude Include="EventMgr.h">
      <Filter>02. Design</Filter>
    </ClInclude>
    <ClInclude Include="Window.h">
      <Filter>UI</Filter>
    </ClInclude>
    <ClInclude Include="Controller.h">
      <Filter>02. Design</Filter>
    </ClInclude>
    <ClInclude Include="Character.h">
      <Filter>01. Obj</Filter>
    </ClInclude>
    <ClInclude Include="Monster.h">
      <Filter>01. Obj</Filter>
    </ClInclude>
    <ClInclude Include="Button.h">
      <Filter>UI</Filter>
    </ClInclude>
    <ClInclude Include="WindowBasicButton.h">
      <Filter>UI</Filter>
    </ClInclude>
    <ClInclude Include="MouseMgr.h">
      <Filter>02. Design</Filter>
    </ClInclude>
    <ClInclude Include="MonsterSpawner.h">
      <Filter>헤더 파일</Filter>
    </ClInclude>
    <ClInclude Include="Portal.h">
      <Filter>헤더 파일</Filter>
    </ClInclude>
    <ClInclude Include="NPC.h">
      <Filter>헤더 파일</Filter>
    </ClInclude>
    <ClInclude Include="Dragon.h">
      <Filter>01. Obj</Filter>
    </ClInclude>
    <ClInclude Include="EffectMgr.h">
      <Filter>02. Design</Filter>
    </ClInclude>
    <ClInclude Include="CharacterDataBase.h">
      <Filter>02. Design</Filter>
    </ClInclude>
    <ClInclude Include="TrippleAttack.h">
      <Filter>Skill</Filter>
    </ClInclude>
    <ClInclude Include="SkillInventory.h">
      <Filter>Skill</Filter>
    </ClInclude>
    <ClInclude Include="Skill.h">
      <Filter>Skill</Filter>
    </ClInclude>
    <ClInclude Include="BasicAttack.h">
      <Filter>Skill</Filter>
    </ClInclude>
    <ClInclude Include="Magma.h">
      <Filter>03. Scene</Filter>
    </ClInclude>
    <ClInclude Include="EnergyPunch.h">
      <Filter>헤더 파일</Filter>
    </ClInclude>
    <ClInclude Include="fmod.h">
      <Filter>Sound</Filter>
    </ClInclude>
    <ClInclude Include="fmod.hpp">
      <Filter>Sound</Filter>
    </ClInclude>
    <ClInclude Include="fmod_codec.h">
      <Filter>Sound</Filter>
    </ClInclude>
    <ClInclude Include="fmod_dsp.h">
      <Filter>Sound</Filter>
    </ClInclude>
    <ClInclude Include="fmod_errors.h">
      <Filter>Sound</Filter>
    </ClInclude>
    <ClInclude Include="fmod_memoryinfo.h">
      <Filter>Sound</Filter>
    </ClInclude>
    <ClInclude Include="fmod_output.h">
      <Filter>Sound</Filter>
    </ClInclude>
    <ClInclude Include="SoundMgr.h">
      <Filter>Sound</Filter>
    </ClInclude>
    <ClInclude Include="CEffect.h">
      <Filter>헤더 파일</Filter>
    </ClInclude>
    <ClInclude Include="RisingEffect.h">
      <Filter>헤더 파일</Filter>
    </ClInclude>
    <ClInclude Include="DamageCount.h">
      <Filter>헤더 파일</Filter>
    </ClInclude>
    <ClInclude Include="HUD.h">
      <Filter>헤더 파일</Filter>
    </ClInclude>
    <ClInclude Include="CharacterHPBar.h">
      <Filter>헤더 파일</Filter>
    </ClInclude>
    <ClInclude Include="UIGuageFrame.h">
      <Filter>헤더 파일</Filter>
    </ClInclude>
    <ClInclude Include="UIGuageFill.h">
      <Filter>헤더 파일</Filter>
    </ClInclude>
    <ClInclude Include="CharacterMPBar.h">
      <Filter>헤더 파일</Filter>
    </ClInclude>
    <ClInclude Include="CUIMonsterHPInfo.h">
      <Filter>헤더 파일</Filter>
    </ClInclude>
    <ClInclude Include="Item.h">
      <Filter>헤더 파일</Filter>
    </ClInclude>
    <ClInclude Include="CItemDataBase.h">
      <Filter>헤더 파일</Filter>
    </ClInclude>
    <ClInclude Include="ItemUI.h">
      <Filter>헤더 파일</Filter>
    </ClInclude>
    <ClInclude Include="UIInventory.h">
      <Filter>헤더 파일</Filter>
    </ClInclude>
    <ClInclude Include="CItemMgr.h">
      <Filter>헤더 파일</Filter>
    </ClInclude>
    <ClInclude Include="IUsable.h">
      <Filter>헤더 파일</Filter>
    </ClInclude>
    <ClInclude Include="ObjItem.h">
      <Filter>헤더 파일</Filter>
    </ClInclude>
    <ClInclude Include="EquipInventory.h">
      <Filter>헤더 파일</Filter>
    </ClInclude>
    <ClInclude Include="UIEquipInventory.h">
      <Filter>헤더 파일</Filter>
    </ClInclude>
    <ClInclude Include="UISlot.h">
      <Filter>헤더 파일</Filter>
    </ClInclude>
    <ClInclude Include="CUISkillInventory.h">
      <Filter>헤더 파일</Filter>
    </ClInclude>
    <ClInclude Include="UISkillSlot.h">
      <Filter>헤더 파일</Filter>
    </ClInclude>
    <ClInclude Include="UIQuickSlot.h">
      <Filter>헤더 파일</Filter>
    </ClInclude>
    <ClInclude Include="CUIQuestWindow.h">
      <Filter>헤더 파일</Filter>
    </ClInclude>
    <ClInclude Include="QuestMgr.h">
      <Filter>헤더 파일</Filter>
    </ClInclude>
    <ClInclude Include="Quest.h">
      <Filter>헤더 파일</Filter>
    </ClInclude>
    <ClInclude Include="UINPCConversation.h">
      <Filter>헤더 파일</Filter>
    </ClInclude>
    <ClInclude Include="UIQuestRow.h">
      <Filter>헤더 파일</Filter>
    </ClInclude>
    <ClInclude Include="Drill.h">
      <Filter>헤더 파일</Filter>
    </ClInclude>
    <ClInclude Include="DropManager.h">
      <Filter>헤더 파일</Filter>
    </ClInclude>
    <ClInclude Include="UnarmoredDragon.h">
      <Filter>헤더 파일</Filter>
    </ClInclude>
    <ClInclude Include="SkillCrossBomb.h">
      <Filter>헤더 파일</Filter>
    </ClInclude>
    <ClInclude Include="Lava.h">
      <Filter>헤더 파일</Filter>
    </ClInclude>
    <ClInclude Include="LavaEruption.h">
      <Filter>헤더 파일</Filter>
    </ClInclude>
    <ClInclude Include="EnvObj.h">
      <Filter>헤더 파일</Filter>
    </ClInclude>
    <ClInclude Include="Road.h">
      <Filter>헤더 파일</Filter>
    </ClInclude>
    <ClInclude Include="RythmGame.h">
      <Filter>헤더 파일</Filter>
    </ClInclude>
    <ClInclude Include="RythmNoteSpawner.h">
      <Filter>헤더 파일</Filter>
    </ClInclude>
    <ClInclude Include="UIMinimap.h">
      <Filter>헤더 파일</Filter>
    </ClInclude>
    <ClInclude Include="SkillSlot.h">
      <Filter>헤더 파일</Filter>
    </ClInclude>
    <ClInclude Include="Intro.h">
      <Filter>헤더 파일</Filter>
    </ClInclude>
    <ClInclude Include="ThunderPunch.h">
      <Filter>헤더 파일</Filter>
    </ClInclude>
  </ItemGroup>
  <ItemGroup>
    <ClCompile Include="stdafx.cpp">
      <Filter>소스 파일</Filter>
    </ClCompile>
    <ClCompile Include="DefaultWindow.cpp">
      <Filter>소스 파일</Filter>
    </ClCompile>
    <ClCompile Include="MainGame.cpp">
      <Filter>00. MainGame</Filter>
    </ClCompile>
    <ClCompile Include="Obj.cpp">
      <Filter>01. Obj</Filter>
    </ClCompile>
    <ClCompile Include="Player.cpp">
      <Filter>01. Obj\00. Player</Filter>
    </ClCompile>
    <ClCompile Include="CollisionMgr.cpp">
      <Filter>02. Design\01. CollisionMgr</Filter>
    </ClCompile>
    <ClCompile Include="Mouse.cpp">
      <Filter>01. Obj\03. Mouse</Filter>
    </ClCompile>
    <ClCompile Include="ObjMgr.cpp">
      <Filter>02. Design\02. ObjMgr</Filter>
    </ClCompile>
    <ClCompile Include="Line.cpp">
      <Filter>02. Design\03. LineMgr\Line</Filter>
    </ClCompile>
    <ClCompile Include="LineMgr.cpp">
      <Filter>02. Design\03. LineMgr</Filter>
    </ClCompile>
    <ClCompile Include="KeyMgr.cpp">
      <Filter>02. Design\04. KeyMgr</Filter>
    </ClCompile>
    <ClCompile Include="ScrollMgr.cpp">
      <Filter>02. Design\05. ScrollMgr</Filter>
    </ClCompile>
    <ClCompile Include="MyBmp.cpp">
      <Filter>02. Design\06. BmpMgr\MyBmp</Filter>
    </ClCompile>
    <ClCompile Include="BmpMgr.cpp">
      <Filter>02. Design\06. BmpMgr</Filter>
    </ClCompile>
    <ClCompile Include="Scene.cpp">
      <Filter>03. Scene</Filter>
    </ClCompile>
    <ClCompile Include="Logo.cpp">
      <Filter>03. Scene\00. Logo</Filter>
    </ClCompile>
    <ClCompile Include="SceneMgr.cpp">
      <Filter>02. Design\07. SceneMgr</Filter>
    </ClCompile>
    <ClCompile Include="Tile.cpp">
      <Filter>01. Obj\06. Tile</Filter>
    </ClCompile>
    <ClCompile Include="TileMgr.cpp">
      <Filter>02. Design\08. TileMgr</Filter>
    </ClCompile>
    <ClCompile Include="UIMgr.cpp">
      <Filter>02. Design</Filter>
    </ClCompile>
    <ClCompile Include="Town.cpp">
      <Filter>03. Scene</Filter>
    </ClCompile>
    <ClCompile Include="UI.cpp">
      <Filter>UI</Filter>
    </ClCompile>
    <ClCompile Include="EventMgr.cpp">
      <Filter>02. Design</Filter>
    </ClCompile>
    <ClCompile Include="Window.cpp">
      <Filter>UI</Filter>
    </ClCompile>
    <ClCompile Include="Controller.cpp">
      <Filter>02. Design</Filter>
    </ClCompile>
    <ClCompile Include="Character.cpp">
      <Filter>01. Obj</Filter>
    </ClCompile>
    <ClCompile Include="Monster.cpp">
      <Filter>01. Obj</Filter>
    </ClCompile>
    <ClCompile Include="Button.cpp">
      <Filter>UI</Filter>
    </ClCompile>
    <ClCompile Include="WindowBasicButton.cpp">
      <Filter>UI</Filter>
    </ClCompile>
    <ClCompile Include="MouseMgr.cpp">
      <Filter>02. Design</Filter>
    </ClCompile>
    <ClCompile Include="MonsterSpawner.cpp">
      <Filter>소스 파일</Filter>
    </ClCompile>
    <ClCompile Include="Portal.cpp">
      <Filter>소스 파일</Filter>
    </ClCompile>
    <ClCompile Include="NPC.cpp">
      <Filter>소스 파일</Filter>
    </ClCompile>
    <ClCompile Include="Dragon.cpp">
      <Filter>01. Obj</Filter>
    </ClCompile>
    <ClCompile Include="EffectMgr.cpp">
      <Filter>02. Design</Filter>
    </ClCompile>
    <ClCompile Include="CharacterDataBase.cpp">
      <Filter>02. Design</Filter>
    </ClCompile>
    <ClCompile Include="BasicAttack.cpp">
      <Filter>Skill</Filter>
    </ClCompile>
    <ClCompile Include="TrippleAttack.cpp">
      <Filter>Skill</Filter>
    </ClCompile>
    <ClCompile Include="SkillInventory.cpp">
      <Filter>Skill</Filter>
    </ClCompile>
    <ClCompile Include="Skill.cpp">
      <Filter>Skill</Filter>
    </ClCompile>
    <ClCompile Include="Magma.cpp">
      <Filter>03. Scene</Filter>
    </ClCompile>
    <ClCompile Include="EnergyPunch.cpp">
      <Filter>소스 파일</Filter>
    </ClCompile>
    <ClCompile Include="SoundMgr.cpp">
      <Filter>Sound</Filter>
    </ClCompile>
    <ClCompile Include="CEffect.cpp">
      <Filter>소스 파일</Filter>
    </ClCompile>
    <ClCompile Include="RisingEffect.cpp">
      <Filter>소스 파일</Filter>
    </ClCompile>
    <ClCompile Include="DamageCount.cpp">
      <Filter>소스 파일</Filter>
    </ClCompile>
    <ClCompile Include="HUD.cpp">
      <Filter>소스 파일</Filter>
    </ClCompile>
    <ClCompile Include="CharacterHPBar.cpp">
      <Filter>소스 파일</Filter>
    </ClCompile>
    <ClCompile Include="UIGuageFrame.cpp">
      <Filter>소스 파일</Filter>
    </ClCompile>
    <ClCompile Include="UIGuageFill.cpp">
      <Filter>소스 파일</Filter>
    </ClCompile>
    <ClCompile Include="CharacterMPBar.cpp">
      <Filter>소스 파일</Filter>
    </ClCompile>
    <ClCompile Include="CUIMonsterHPInfo.cpp">
      <Filter>소스 파일</Filter>
    </ClCompile>
    <ClCompile Include="Item.cpp">
      <Filter>소스 파일</Filter>
    </ClCompile>
    <ClCompile Include="CItemDataBase.cpp">
      <Filter>소스 파일</Filter>
    </ClCompile>
    <ClCompile Include="ItemUI.cpp">
      <Filter>소스 파일</Filter>
    </ClCompile>
    <ClCompile Include="UIInventory.cpp">
      <Filter>소스 파일</Filter>
    </ClCompile>
    <ClCompile Include="CItemMgr.cpp">
      <Filter>소스 파일</Filter>
    </ClCompile>
    <ClCompile Include="IUsable.cpp">
      <Filter>소스 파일</Filter>
    </ClCompile>
    <ClCompile Include="ObjItem.cpp">
      <Filter>소스 파일</Filter>
    </ClCompile>
    <ClCompile Include="EquipInventory.cpp">
      <Filter>소스 파일</Filter>
    </ClCompile>
    <ClCompile Include="UIEquipInventory.cpp">
      <Filter>소스 파일</Filter>
    </ClCompile>
    <ClCompile Include="UISlot.cpp">
      <Filter>소스 파일</Filter>
    </ClCompile>
    <ClCompile Include="CUISkillInventory.cpp">
      <Filter>소스 파일</Filter>
    </ClCompile>
    <ClCompile Include="UISkillSlot.cpp">
      <Filter>소스 파일</Filter>
    </ClCompile>
    <ClCompile Include="UIQuickSlot.cpp">
      <Filter>소스 파일</Filter>
    </ClCompile>
    <ClCompile Include="CUIQuestWindow.cpp">
      <Filter>소스 파일</Filter>
    </ClCompile>
    <ClCompile Include="QuestMgr.cpp">
      <Filter>소스 파일</Filter>
    </ClCompile>
    <ClCompile Include="Quest.cpp">
      <Filter>소스 파일</Filter>
    </ClCompile>
    <ClCompile Include="UINPCConversation.cpp">
      <Filter>소스 파일</Filter>
    </ClCompile>
    <ClCompile Include="UIQuestRow.cpp">
      <Filter>소스 파일</Filter>
    </ClCompile>
    <ClCompile Include="Drill.cpp">
      <Filter>소스 파일</Filter>
    </ClCompile>
    <ClCompile Include="DropManager.cpp">
      <Filter>소스 파일</Filter>
    </ClCompile>
    <ClCompile Include="UnarmoredDragon.cpp">
      <Filter>소스 파일</Filter>
    </ClCompile>
    <ClCompile Include="SkillCrossBomb.cpp">
      <Filter>소스 파일</Filter>
    </ClCompile>
    <ClCompile Include="Lava.cpp">
      <Filter>소스 파일</Filter>
    </ClCompile>
    <ClCompile Include="LavaEruption.cpp">
      <Filter>소스 파일</Filter>
    </ClCompile>
    <ClCompile Include="EnvObj.cpp">
      <Filter>소스 파일</Filter>
    </ClCompile>
    <ClCompile Include="Road.cpp">
      <Filter>소스 파일</Filter>
    </ClCompile>
    <ClCompile Include="RythmGame.cpp">
      <Filter>소스 파일</Filter>
    </ClCompile>
    <ClCompile Include="RythmNoteSpawner.cpp">
      <Filter>소스 파일</Filter>
    </ClCompile>
    <ClCompile Include="UIMinimap.cpp">
      <Filter>소스 파일</Filter>
    </ClCompile>
    <ClCompile Include="SkillSlot.cpp">
      <Filter>소스 파일</Filter>
    </ClCompile>
    <ClCompile Include="Intro.cpp">
      <Filter>소스 파일</Filter>
    </ClCompile>
    <ClCompile Include="ThunderPunch.cpp">
      <Filter>소스 파일</Filter>
    </ClCompile>
  </ItemGroup>
  <ItemGroup>
    <ResourceCompile Include="DefaultWindow.rc">
      <Filter>리소스 파일</Filter>
    </ResourceCompile>
  </ItemGroup>
  <ItemGroup>
    <Image Include="small.ico">
      <Filter>리소스 파일</Filter>
    </Image>
    <Image Include="DefaultWindow.ico">
      <Filter>리소스 파일</Filter>
    </Image>
  </ItemGroup>
</Project>